
Microsoft Visual Studio Solution File, Format Version 12.00
# Visual Studio Version 16
VisualStudioVersion = 16.0.29215.179
MinimumVisualStudioVersion = 10.0.40219.1
Project("{FAE04EC0-301F-11D3-BF4B-00C04F79EFBC}") = "Entidades", "Entidades\Entidades.csproj", "{7D030F4E-729C-40CE-9B54-6368C9AACB4B}"
EndProject
Project("{FAE04EC0-301F-11D3-BF4B-00C04F79EFBC}") = "FrmPpal", "FrmPpal\FrmPpal.csproj", "{A5A89F71-4A4E-497B-9D99-76B3734E7565}"
EndProject
Project("{FAE04EC0-301F-11D3-BF4B-00C04F79EFBC}") = "TestUnitarios", "TestUnitarios\TestUnitarios.csproj", "{11739D59-2913-403F-9A2F-273D8CC90AFC}"
EndProject
Global
	GlobalSection(SolutionConfigurationPlatforms) = preSolution
		Debug|Any CPU = Debug|Any CPU
		Release|Any CPU = Release|Any CPU
	EndGlobalSection
	GlobalSection(ProjectConfigurationPlatforms) = postSolution
		{7D030F4E-729C-40CE-9B54-6368C9AACB4B}.Debug|Any CPU.ActiveCfg = Debug|Any CPU
		{7D030F4E-729C-40CE-9B54-6368C9AACB4B}.Debug|Any CPU.Build.0 = Debug|Any CPU
		{7D030F4E-729C-40CE-9B54-6368C9AACB4B}.Release|Any CPU.ActiveCfg = Release|Any CPU
		{7D030F4E-729C-40CE-9B54-6368C9AACB4B}.Release|Any CPU.Build.0 = Release|Any CPU
		{A5A89F71-4A4E-497B-9D99-76B3734E7565}.Debug|Any CPU.ActiveCfg = Debug|Any CPU
		{A5A89F71-4A4E-497B-9D99-76B3734E7565}.Debug|Any CPU.Build.0 = Debug|Any CPU
		{A5A89F71-4A4E-497B-9D99-76B3734E7565}.Release|Any CPU.ActiveCfg = Release|Any CPU
		{A5A89F71-4A4E-497B-9D99-76B3734E7565}.Release|Any CPU.Build.0 = Release|Any CPU
		{11739D59-2913-403F-9A2F-273D8CC90AFC}.Debug|Any CPU.ActiveCfg = Debug|Any CPU
		{11739D59-2913-403F-9A2F-273D8CC90AFC}.Debug|Any CPU.Build.0 = Debug|Any CPU
		{11739D59-2913-403F-9A2F-273D8CC90AFC}.Release|Any CPU.ActiveCfg = Release|Any CPU
		{11739D59-2913-403F-9A2F-273D8CC90AFC}.Release|Any CPU.Build.0 = Release|Any CPU
	EndGlobalSection
	GlobalSection(SolutionProperties) = preSolution
		HideSolutionNode = FALSE
	EndGlobalSection
	GlobalSection(ExtensibilityGlobals) = postSolution
		SolutionGuid = {5CF6F792-E0A1-45F5-A993-130118B71334}
	EndGlobalSection
EndGlobal
